
Microsoft Visual Studio Solution File, Format Version 12.00
# Visual Studio Version 17
VisualStudioVersion = 17.6.35707.66
MinimumVisualStudioVersion = 10.0.40219.1
Project("{8BC9CEB8-8B4A-11D0-8D11-00A0C91BC942}") = "Ch3_2", "PJTestMASM\PJTestMASM.vcxproj", "{2536D74F-C2BE-4200-A027-C155AF913967}"
EndProject
Project("{2150E333-8FDC-42A3-9474-1A3956D46DE8}") = "Solution Items", "Solution Items", "{001D52DD-FC3D-47E3-807E-1D51CCE08DEB}"
EndProject
Global
	GlobalSection(SolutionConfigurationPlatforms) = preSolution
		Debug|x64 = Debug|x64
		Debug|x86 = Debug|x86
		Release|x64 = Release|x64
		Release|x86 = Release|x86
	EndGlobalSection
	GlobalSection(ProjectConfigurationPlatforms) = postSolution
		{2536D74F-C2BE-4200-A027-C155AF913967}.Debug|x64.ActiveCfg = Debug|x64
		{2536D74F-C2BE-4200-A027-C155AF913967}.Debug|x64.Build.0 = Debug|x64
		{2536D74F-C2BE-4200-A027-C155AF913967}.Debug|x86.ActiveCfg = Debug|Win32
		{2536D74F-C2BE-4200-A027-C155AF913967}.Debug|x86.Build.0 = Debug|Win32
		{2536D74F-C2BE-4200-A027-C155AF913967}.Release|x64.ActiveCfg = Release|x64
		{2536D74F-C2BE-4200-A027-C155AF913967}.Release|x64.Build.0 = Release|x64
		{2536D74F-C2BE-4200-A027-C155AF913967}.Release|x86.ActiveCfg = Release|Win32
		{2536D74F-C2BE-4200-A027-C155AF913967}.Release|x86.Build.0 = Release|Win32
	EndGlobalSection
	GlobalSection(SolutionProperties) = preSolution
		HideSolutionNode = FALSE
	EndGlobalSection
	GlobalSection(ExtensibilityGlobals) = postSolution
		SolutionGuid = {CB79AA53-8E43-4AA4-8F98-E28682045A67}
	EndGlobalSection
EndGlobal
